
Microsoft Visual Studio Solution File, Format Version 12.00
# Visual Studio Version 17
VisualStudioVersion = 17.5.33516.290
MinimumVisualStudioVersion = 10.0.40219.1
Project("{FAE04EC0-301F-11D3-BF4B-00C04F79EFBC}") = "Quizze2.2", "Quizze2.2.csproj", "{2F2E646C-9691-4AC7-9B45-DDD195DA0189}"
EndProject
Global
	GlobalSection(SolutionConfigurationPlatforms) = preSolution
		Debug|Any CPU = Debug|Any CPU
		Release|Any CPU = Release|Any CPU
	EndGlobalSection
	GlobalSection(ProjectConfigurationPlatforms) = postSolution
		{2F2E646C-9691-4AC7-9B45-DDD195DA0189}.Debug|Any CPU.ActiveCfg = Debug|Any CPU
		{2F2E646C-9691-4AC7-9B45-DDD195DA0189}.Debug|Any CPU.Build.0 = Debug|Any CPU
		{2F2E646C-9691-4AC7-9B45-DDD195DA0189}.Release|Any CPU.ActiveCfg = Release|Any CPU
		{2F2E646C-9691-4AC7-9B45-DDD195DA0189}.Release|Any CPU.Build.0 = Release|Any CPU
	EndGlobalSection
	GlobalSection(SolutionProperties) = preSolution
		HideSolutionNode = FALSE
	EndGlobalSection
	GlobalSection(ExtensibilityGlobals) = postSolution
		SolutionGuid = {737B140E-7CB5-4AEC-84BE-DB61C22283D7}
	EndGlobalSection
EndGlobal
